
Microsoft Visual Studio Solution File, Format Version 12.00
# Visual Studio Version 16
VisualStudioVersion = 16.0.32106.194
MinimumVisualStudioVersion = 10.0.40219.1
Project("{FAE04EC0-301F-11D3-BF4B-00C04F79EFBC}") = "TabFunctions", "TabFunctions\TabFunctions.csproj", "{B9E40624-A66E-4491-B26D-696A3756E9CC}"
EndProject
Global
	GlobalSection(SolutionConfigurationPlatforms) = preSolution
		Debug|Any CPU = Debug|Any CPU
		Release|Any CPU = Release|Any CPU
	EndGlobalSection
	GlobalSection(ProjectConfigurationPlatforms) = postSolution
		{B9E40624-A66E-4491-B26D-696A3756E9CC}.Debug|Any CPU.ActiveCfg = Debug|Any CPU
		{B9E40624-A66E-4491-B26D-696A3756E9CC}.Debug|Any CPU.Build.0 = Debug|Any CPU
		{B9E40624-A66E-4491-B26D-696A3756E9CC}.Release|Any CPU.ActiveCfg = Release|Any CPU
		{B9E40624-A66E-4491-B26D-696A3756E9CC}.Release|Any CPU.Build.0 = Release|Any CPU
	EndGlobalSection
	GlobalSection(SolutionProperties) = preSolution
		HideSolutionNode = FALSE
	EndGlobalSection
	GlobalSection(ExtensibilityGlobals) = postSolution
		SolutionGuid = {D6DAB949-A1C5-45DE-8A37-9458C10BE96C}
	EndGlobalSection
EndGlobal
